PODS:
  - CocoaLumberjack (1.6.2)
  - FMDB/common (2.1)
  - FMDB/standalone (2.1):
    - FMDB/common
    - sqlite3
  - Kiwi (2.2)
  - sqlite3 (3.7.17.0)

DEPENDENCIES:
  - CocoaLumberjack
  - FMDB/standalone
  - Kiwi (= 2.2)
  - sqlite3

SPEC CHECKSUMS:
  CocoaLumberjack: d73e1e317ced14ab930797dda6c17156ff17aaa1
  FMDB: 66010e9b750838dea71748df591fc118598f21c7
  Kiwi: db174bba4ee8068b15d7122f1b22fb64b7c1d378
  sqlite3: 98f504c3af2ac60f9bd94db5c98fb71ef045604d

COCOAPODS: 0.20.2
