PODS:
  - CocoaLumberjack (1.6.2)
  - FMDB/common (2.1)
  - FMDB/standalone (2.1):
    - FMDB/common
    - sqlite3/fts
  - Kiwi (2.2)
  - sqlite3 (3.8.0.2):
    - sqlite3/common
  - sqlite3/common (3.8.0.2)
  - sqlite3/fts (3.8.0.2):
    - sqlite3/common

DEPENDENCIES:
  - CocoaLumberjack
  - FMDB/standalone
  - Kiwi (= 2.2)
  - sqlite3

SPEC CHECKSUMS:
  CocoaLumberjack: d73e1e317ced14ab930797dda6c17156ff17aaa1
  FMDB: 2769004a271eae0bbd8bd4f45a3f2acfd0d3df0e
  Kiwi: db174bba4ee8068b15d7122f1b22fb64b7c1d378
  sqlite3: da2547a00213287224486db2893bb9c181c6f8d2

COCOAPODS: 0.24.0
