PODS:
  - CocoaLumberjack (1.6.2)
  - FMDB/common (2.3)
  - FMDB/standalone (2.3):
    - FMDB/common
    - sqlite3/fts
  - Kiwi (2.3.0)
  - sqlite3 (3.8.6):
    - sqlite3/common
  - sqlite3/common (3.8.6)
  - sqlite3/fts (3.8.6):
    - sqlite3/common

DEPENDENCIES:
  - CocoaLumberjack
  - FMDB/standalone
  - Kiwi (= 2.3.0)
  - sqlite3

SPEC CHECKSUMS:
  CocoaLumberjack: 0a08f3092acaab5f92c139e1186aa255a1e39446
  FMDB: 31ec26773c7f7b7890a6038235a1f2bbd933a7cb
  Kiwi: 54bece5b35564d9b8e03c608d926f1a22fcfc589
  sqlite3: 170bf094e597765aaa5d3d312a7b222a6f8ab6f0

COCOAPODS: 0.33.1
